// !$*UTF8*$!
{
	archiveVersion = 1;
	classes = {
	};
	objectVersion = 46;
	objects = {

/* Begin PBXBuildFile section */
		4189BE701DC48628002AB70F /* AppDelegate.swift in Sources */ = {isa = PBXBuildFile; fileRef = 4189BE6F1DC48628002AB70F /* AppDelegate.swift */; };
		4189BE731DC48628002AB70F /* Blog_Reader.xcdatamodeld in Sources */ = {isa = PBXBuildFile; fileRef = 4189BE711DC48628002AB70F /* Blog_Reader.xcdatamodeld */; };
		4189BE751DC48628002AB70F /* MasterViewController.swift in Sources */ = {isa = PBXBuildFile; fileRef = 4189BE741DC48628002AB70F /* MasterViewController.swift */; };
		4189BE771DC48628002AB70F /* DetailViewController.swift in Sources */ = {isa = PBXBuildFile; fileRef = 4189BE761DC48628002AB70F /* DetailViewController.swift */; };
		4189BE7A1DC48628002AB70F /* Main.storyboard in Resources */ = {isa = PBXBuildFile; fileRef = 4189BE781DC48628002AB70F /* Main.storyboard */; };
		4189BE7C1DC48628002AB70F /* Assets.xcassets in Resources */ = {isa = PBXBuildFile; fileRef = 4189BE7B1DC48628002AB70F /* Assets.xcassets */; };
		4189BE7F1DC48628002AB70F /* LaunchScreen.storyboard in Resources */ = {isa = PBXBuildFile; fileRef = 4189BE7D1DC48628002AB70F /* LaunchScreen.storyboard */; };
/* End PBXBuildFile section */

/* Begin PBXFileReference section */
		4189BE6C1DC48628002AB70F /* Blog Reader.app */ = {isa = PBXFileReference; explicitFileType = wrapper.application; includeInIndex = 0; path = "Blog Reader.app"; sourceTree = BUILT_PRODUCTS_DIR; };
		4189BE6F1DC48628002AB70F /* AppDelegate.swift */ = {isa = PBXFileReference; lastKnownFileType = sourcecode.swift; path = AppDelegate.swift; sourceTree = "<group>"; };
		4189BE721DC48628002AB70F /* Blog_Reader.xcdatamodel */ = {isa = PBXFileReference; lastKnownFileType = wrapper.xcdatamodel; path = Blog_Reader.xcdatamodel; sourceTree = "<group>"; };
		4189BE741DC48628002AB70F /* MasterViewController.swift */ = {isa = PBXFileReference; lastKnownFileType = sourcecode.swift; path = MasterViewController.swift; sourceTree = "<group>"; };
		4189BE761DC48628002AB70F /* DetailViewController.swift */ = {isa = PBXFileReference; lastKnownFileType = sourcecode.swift; path = DetailViewController.swift; sourceTree = "<group>"; };
		4189BE791DC48628002AB70F /* Base */ = {isa = PBXFileReference; lastKnownFileType = file.storyboard; name = Base; path = Base.lproj/Main.storyboard; sourceTree = "<group>"; };
		4189BE7B1DC48628002AB70F /* Assets.xcassets */ = {isa = PBXFileReference; lastKnownFileType = folder.assetcatalog; path = Assets.xcassets; sourceTree = "<group>"; };
		4189BE7E1DC48628002AB70F /* Base */ = {isa = PBXFileReference; lastKnownFileType = file.storyboard; name = Base; path = Base.lproj/LaunchScreen.storyboard; sourceTree = "<group>"; };
		4189BE801DC48628002AB70F /* Info.plist */ = {isa = PBXFileReference; lastKnownFileType = text.plist.xml; path = Info.plist; sourceTree = "<group>"; };
/* End PBXFileReference section */

/* Begin PBXFrameworksBuildPhase section */
		4189BE691DC48628002AB70F /* Frameworks */ = {
			isa = PBXFrameworksBuildPhase;
			buildActionMask = 2147483647;
			files = (
			);
			runOnlyForDeploymentPostprocessing = 0;
		};
/* End PBXFrameworksBuildPhase section */

/* Begin PBXGroup section */
		4189BE631DC48628002AB70F = {
			isa = PBXGroup;
			children = (
				4189BE6E1DC48628002AB70F /* Blog Reader */,
				4189BE6D1DC48628002AB70F /* Products */,
			);
			sourceTree = "<group>";
		};
		4189BE6D1DC48628002AB70F /* Products */ = {
			isa = PBXGroup;
			children = (
				4189BE6C1DC48628002AB70F /* Blog Reader.app */,
			);
			name = Products;
			sourceTree = "<group>";
		};
		4189BE6E1DC48628002AB70F /* Blog Reader */ = {
			isa = PBXGroup;
			children = (
				4189BE6F1DC48628002AB70F /* AppDelegate.swift */,
				4189BE741DC48628002AB70F /* MasterViewController.swift */,
				4189BE761DC48628002AB70F /* DetailViewController.swift */,
				4189BE781DC48628002AB70F /* Main.storyboard */,
				4189BE7B1DC48628002AB70F /* Assets.xcassets */,
				4189BE7D1DC48628002AB70F /* LaunchScreen.storyboard */,
				4189BE801DC48628002AB70F /* Info.plist */,
				4189BE711DC48628002AB70F /* Blog_Reader.xcdatamodeld */,
			);
			path = "Blog Reader";
			sourceTree = "<group>";
		};
/* End PBXGroup section */

/* Begin PBXNativeTarget section */
		4189BE6B1DC48628002AB70F /* Blog Reader */ = {
			isa = PBXNativeTarget;
			buildConfigurationList = 4189BE831DC48628002AB70F /* Build configuration list for PBXNativeTarget "Blog Reader" */;
			buildPhases = (
				4189BE681DC48628002AB70F /* Sources */,
				4189BE691DC48628002AB70F /* Frameworks */,
				4189BE6A1DC48628002AB70F /* Resources */,
			);
			buildRules = (
			);
			dependencies = (
			);
			name = "Blog Reader";
			productName = "Blog Reader";
			productReference = 4189BE6C1DC48628002AB70F /* Blog Reader.app */;
			productType = "com.apple.product-type.application";
		};
/* End PBXNativeTarget section */

/* Begin PBXProject section */
		4189BE641DC48628002AB70F /* Project object */ = {
			isa = PBXProject;
			attributes = {
				LastSwiftUpdateCheck = 0810;
				LastUpgradeCheck = 0810;
				ORGANIZATIONNAME = FabledRealm;
				TargetAttributes = {
					4189BE6B1DC48628002AB70F = {
						CreatedOnToolsVersion = 8.1;
						DevelopmentTeam = 6LUK82795N;
						ProvisioningStyle = Automatic;
					};
				};
			};
			buildConfigurationList = 4189BE671DC48628002AB70F /* Build configuration list for PBXProject "Blog Reader" */;
			compatibilityVersion = "Xcode 3.2";
			developmentRegion = English;
			hasScannedForEncodings = 0;
			knownRegions = (
				en,
				Base,
			);
			mainGroup = 4189BE631DC48628002AB70F;
			productRefGroup = 4189BE6D1DC48628002AB70F /* Products */;
			projectDirPath = "";
			projectRoot = "";
			targets = (
				4189BE6B1DC48628002AB70F /* Blog Reader */,
			);
		};
/* End PBXProject section */

/* Begin PBXResourcesBuildPhase section */
		4189BE6A1DC48628002AB70F /* Resources */ = {
			isa = PBXResourcesBuildPhase;
			buildActionMask = 2147483647;
			files = (
				4189BE7F1DC48628002AB70F /* LaunchScreen.storyboard in Resources */,
				4189BE7C1DC48628002AB70F /* Assets.xcassets in Resources */,
				4189BE7A1DC48628002AB70F /* Main.storyboard in Resources */,
			);
			runOnlyForDeploymentPostprocessing = 0;
		};
/* End PBXResourcesBuildPhase section */

/* Begin PBXSourcesBuildPhase section */
		4189BE681DC48628002AB70F /* Sources */ = {
			isa = PBXSourcesBuildPhase;
			buildActionMask = 2147483647;
			files = (
				4189BE731DC48628002AB70F /* Blog_Reader.xcdatamodeld in Sources */,
				4189BE701DC48628002AB70F /* AppDelegate.swift in Sources */,
				4189BE751DC48628002AB70F /* MasterViewController.swift in Sources */,
				4189BE771DC48628002AB70F /* DetailViewController.swift in Sources */,
			);
			runOnlyForDeploymentPostprocessing = 0;
		};
/* End PBXSourcesBuildPhase section */

/* Begin PBXVariantGroup section */
		4189BE781DC48628002AB70F /* Main.storyboard */ = {
			isa = PBXVariantGroup;
			children = (
				4189BE791DC48628002AB70F /* Base */,
			);
			name = Main.storyboard;
			sourceTree = "<group>";
		};
		4189BE7D1DC48628002AB70F /* LaunchScreen.storyboard */ = {
			isa = PBXVariantGroup;
			children = (
				4189BE7E1DC48628002AB70F /* Base */,
			);
			name = LaunchScreen.storyboard;
			sourceTree = "<group>";
		};
/* End PBXVariantGroup section */

/* Begin XCBuildConfiguration section */
		4189BE811DC48628002AB70F /* Debug */ = {
			isa = XCBuildConfiguration;
			buildSettings = {
				ALWAYS_SEARCH_USER_PATHS = NO;
				CLANG_ANALYZER_NONNULL = YES;
				CLANG_CXX_LANGUAGE_STANDARD = "gnu++0x";
				CLANG_CXX_LIBRARY = "libc++";
				CLANG_ENABLE_MODULES = YES;
				CLANG_ENABLE_OBJC_ARC = YES;
				CLANG_WARN_BOOL_CONVERSION = YES;
				CLANG_WARN_CONSTANT_CONVERSION = YES;
				CLANG_WARN_DIRECT_OBJC_ISA_USAGE = YES_ERROR;
				CLANG_WARN_DOCUMENTATION_COMMENTS = YES;
				CLANG_WARN_EMPTY_BODY = YES;
				CLANG_WARN_ENUM_CONVERSION = YES;
				CLANG_WARN_INFINITE_RECURSION = YES;
				CLANG_WARN_INT_CONVERSION = YES;
				CLANG_WARN_OBJC_ROOT_CLASS = YES_ERROR;
				CLANG_WARN_SUSPICIOUS_MOVES = YES;
				CLANG_WARN_UNREACHABLE_CODE = YES;
				CLANG_WARN__DUPLICATE_METHOD_MATCH = YES;
				"CODE_SIGN_IDENTITY[sdk=iphoneos*]" = "iPhone Developer";
				COPY_PHASE_STRIP = NO;
				DEBUG_INFORMATION_FORMAT = dwarf;
				ENABLE_STRICT_OBJC_MSGSEND = YES;
				ENABLE_TESTABILITY = YES;
				GCC_C_LANGUAGE_STANDARD = gnu99;
				GCC_DYNAMIC_NO_PIC = NO;
				GCC_NO_COMMON_BLOCKS = YES;
				GCC_OPTIMIZATION_LEVEL = 0;
				GCC_PREPROCESSOR_DEFINITIONS = (
					"DEBUG=1",
					"$(inherited)",
				);
				GCC_WARN_64_TO_32_BIT_CONVERSION = YES;
				GCC_WARN_ABOUT_RETURN_TYPE = YES_ERROR;
				GCC_WARN_UNDECLARED_SELECTOR = YES;
				GCC_WARN_UNINITIALIZED_AUTOS = YES_AGGRESSIVE;
				GCC_WARN_UNUSED_FUNCTION = YES;
				GCC_WARN_UNUSED_VARIABLE = YES;
				IPHONEOS_DEPLOYMENT_TARGET = 10.0;
				MTL_ENABLE_DEBUG_INFO = YES;
				ONLY_ACTIVE_ARCH = YES;
				SDKROOT = iphoneos;
				SWIFT_ACTIVE_COMPILATION_CONDITIONS = DEBUG;
				SWIFT_OPTIMIZATION_LEVEL = "-Onone";
			};
			name = Debug;
		};
		4189BE821DC48628002AB70F /* Release */ = {
			isa = XCBuildConfiguration;
			buildSettings = {
				ALWAYS_SEARCH_USER_PATHS = NO;
				CLANG_ANALYZER_NONNULL = YES;
				CLANG_CXX_LANGUAGE_STANDARD = "gnu++0x";
				CLANG_CXX_LIBRARY = "libc++";
				CLANG_ENABLE_MODULES = YES;
				CLANG_ENABLE_OBJC_ARC = YES;
				CLANG_WARN_BOOL_CONVERSION = YES;
				CLANG_WARN_CONSTANT_CONVERSION = YES;
				CLANG_WARN_DIRECT_OBJC_ISA_USAGE = YES_ERROR;
				CLANG_WARN_DOCUMENTATION_COMMENTS = YES;
				CLANG_WARN_EMPTY_BODY = YES;
				CLANG_WARN_ENUM_CONVERSION = YES;
				CLANG_WARN_INFINITE_RECURSION = YES;
				CLANG_WARN_INT_CONVERSION = YES;
				CLANG_WARN_OBJC_ROOT_CLASS = YES_ERROR;
				CLANG_WARN_SUSPICIOUS_MOVES = YES;
				CLANG_WARN_UNREACHABLE_CODE = YES;
				CLANG_WARN__DUPLICATE_METHOD_MATCH = YES;
				"CODE_SIGN_IDENTITY[sdk=iphoneos*]" = "iPhone Developer";
				COPY_PHASE_STRIP = NO;
				DEBUG_INFORMATION_FORMAT = "dwarf-with-dsym";
				ENABLE_NS_ASSERTIONS = NO;
				ENABLE_STRICT_OBJC_MSGSEND = YES;
				GCC_C_LANGUAGE_STANDARD = gnu99;
				GCC_NO_COMMON_BLOCKS = YES;
				GCC_WARN_64_TO_32_BIT_CONVERSION = YES;
				GCC_WARN_ABOUT_RETURN_TYPE = YES_ERROR;
				GCC_WARN_UNDECLARED_SELECTOR = YES;
				GCC_WARN_UNINITIALIZED_AUTOS = YES_AGGRESSIVE;
				GCC_WARN_UNUSED_FUNCTION = YES;
				GCC_WARN_UNUSED_VARIABLE = YES;
				IPHONEOS_DEPLOYMENT_TARGET = 10.0;
				MTL_ENABLE_DEBUG_INFO = NO;
				SDKROOT = iphoneos;
				SWIFT_OPTIMIZATION_LEVEL = "-Owholemodule";
				VALIDATE_PRODUCT = YES;
			};
			name = Release;
		};
		4189BE841DC48628002AB70F /* Debug */ = {
			isa = XCBuildConfiguration;
			buildSettings = {
				ASSETCATALOG_COMPILER_APPICON_NAME = AppIcon;
				DEVELOPMENT_TEAM = 6LUK82795N;
				INFOPLIST_FILE = "Blog Reader/Info.plist";
				LD_RUNPATH_SEARCH_PATHS = "$(inherited) @executable_path/Frameworks";
				PRODUCT_BUNDLE_IDENTIFIER = "com.ehein.Blog-Reader";
				PRODUCT_NAME = "$(TARGET_NAME)";
				SWIFT_VERSION = 3.0;
			};
			name = Debug;
		};
		4189BE851DC48628002AB70F /* Release */ = {
			isa = XCBuildConfiguration;
			buildSettings = {
				ASSETCATALOG_COMPILER_APPICON_NAME = AppIcon;
				DEVELOPMENT_TEAM = 6LUK82795N;
				INFOPLIST_FILE = "Blog Reader/Info.plist";
				LD_RUNPATH_SEARCH_PATHS = "$(inherited) @executable_path/Frameworks";
				PRODUCT_BUNDLE_IDENTIFIER = "com.ehein.Blog-Reader";
				PRODUCT_NAME = "$(TARGET_NAME)";
				SWIFT_VERSION = 3.0;
			};
			name = Release;
		};
/* End XCBuildConfiguration section */

/* Begin XCConfigurationList section */
		4189BE671DC48628002AB70F /* Build configuration list for PBXProject "Blog Reader" */ = {
			isa = XCConfigurationList;
			buildConfigurations = (
				4189BE811DC48628002AB70F /* Debug */,
				4189BE821DC48628002AB70F /* Release */,
			);
			defaultConfigurationIsVisible = 0;
			defaultConfigurationName = Release;
		};
		4189BE831DC48628002AB70F /* Build configuration list for PBXNativeTarget "Blog Reader" */ = {
			isa = XCConfigurationList;
			buildConfigurations = (
				4189BE841DC48628002AB70F /* Debug */,
				4189BE851DC48628002AB70F /* Release */,
			);
			defaultConfigurationIsVisible = 0;
		};
/* End XCConfigurationList section */

/* Begin XCVersionGroup section */
		4189BE711DC48628002AB70F /* Blog_Reader.xcdatamodeld */ = {
			isa = XCVersionGroup;
			children = (
				4189BE721DC48628002AB70F /* Blog_Reader.xcdatamodel */,
			);
			currentVersion = 4189BE721DC48628002AB70F /* Blog_Reader.xcdatamodel */;
			path = Blog_Reader.xcdatamodeld;
			sourceTree = "<group>";
			versionGroupType = wrapper.xcdatamodel;
		};
/* End XCVersionGroup section */
	};
	rootObject = 4189BE641DC48628002AB70F /* Project object */;
}
