// !$*UTF8*$!
{
	archiveVersion = 1;
	classes = {
	};
	objectVersion = 46;
	objects = {

/* Begin PBXBuildFile section */
		4113FF0E1DAD2C4D00715E9E /* AppDelegate.swift in Sources */ = {isa = PBXBuildFile; fileRef = 4113FF0D1DAD2C4D00715E9E /* AppDelegate.swift */; };
		4113FF101DAD2C4D00715E9E /* ViewController.swift in Sources */ = {isa = PBXBuildFile; fileRef = 4113FF0F1DAD2C4D00715E9E /* ViewController.swift */; };
		4113FF131DAD2C4D00715E9E /* Main.storyboard in Resources */ = {isa = PBXBuildFile; fileRef = 4113FF111DAD2C4D00715E9E /* Main.storyboard */; };
		4113FF151DAD2C4D00715E9E /* Assets.xcassets in Resources */ = {isa = PBXBuildFile; fileRef = 4113FF141DAD2C4D00715E9E /* Assets.xcassets */; };
		4113FF181DAD2C4D00715E9E /* LaunchScreen.storyboard in Resources */ = {isa = PBXBuildFile; fileRef = 4113FF161DAD2C4D00715E9E /* LaunchScreen.storyboard */; };
/* End PBXBuildFile section */

/* Begin PBXFileReference section */
		4113FF0A1DAD2C4D00715E9E /* Tableviews.app */ = {isa = PBXFileReference; explicitFileType = wrapper.application; includeInIndex = 0; path = Tableviews.app; sourceTree = BUILT_PRODUCTS_DIR; };
		4113FF0D1DAD2C4D00715E9E /* AppDelegate.swift */ = {isa = PBXFileReference; lastKnownFileType = sourcecode.swift; path = AppDelegate.swift; sourceTree = "<group>"; };
		4113FF0F1DAD2C4D00715E9E /* ViewController.swift */ = {isa = PBXFileReference; lastKnownFileType = sourcecode.swift; path = ViewController.swift; sourceTree = "<group>"; };
		4113FF121DAD2C4D00715E9E /* Base */ = {isa = PBXFileReference; lastKnownFileType = file.storyboard; name = Base; path = Base.lproj/Main.storyboard; sourceTree = "<group>"; };
		4113FF141DAD2C4D00715E9E /* Assets.xcassets */ = {isa = PBXFileReference; lastKnownFileType = folder.assetcatalog; path = Assets.xcassets; sourceTree = "<group>"; };
		4113FF171DAD2C4D00715E9E /* Base */ = {isa = PBXFileReference; lastKnownFileType = file.storyboard; name = Base; path = Base.lproj/LaunchScreen.storyboard; sourceTree = "<group>"; };
		4113FF191DAD2C4D00715E9E /* Info.plist */ = {isa = PBXFileReference; lastKnownFileType = text.plist.xml; path = Info.plist; sourceTree = "<group>"; };
/* End PBXFileReference section */

/* Begin PBXFrameworksBuildPhase section */
		4113FF071DAD2C4D00715E9E /* Frameworks */ = {
			isa = PBXFrameworksBuildPhase;
			buildActionMask = 2147483647;
			files = (
			);
			runOnlyForDeploymentPostprocessing = 0;
		};
/* End PBXFrameworksBuildPhase section */

/* Begin PBXGroup section */
		4113FF011DAD2C4D00715E9E = {
			isa = PBXGroup;
			children = (
				4113FF0C1DAD2C4D00715E9E /* Tableviews */,
				4113FF0B1DAD2C4D00715E9E /* Products */,
			);
			sourceTree = "<group>";
		};
		4113FF0B1DAD2C4D00715E9E /* Products */ = {
			isa = PBXGroup;
			children = (
				4113FF0A1DAD2C4D00715E9E /* Tableviews.app */,
			);
			name = Products;
			sourceTree = "<group>";
		};
		4113FF0C1DAD2C4D00715E9E /* Tableviews */ = {
			isa = PBXGroup;
			children = (
				4113FF0D1DAD2C4D00715E9E /* AppDelegate.swift */,
				4113FF0F1DAD2C4D00715E9E /* ViewController.swift */,
				4113FF111DAD2C4D00715E9E /* Main.storyboard */,
				4113FF141DAD2C4D00715E9E /* Assets.xcassets */,
				4113FF161DAD2C4D00715E9E /* LaunchScreen.storyboard */,
				4113FF191DAD2C4D00715E9E /* Info.plist */,
			);
			path = Tableviews;
			sourceTree = "<group>";
		};
/* End PBXGroup section */

/* Begin PBXNativeTarget section */
		4113FF091DAD2C4D00715E9E /* Tableviews */ = {
			isa = PBXNativeTarget;
			buildConfigurationList = 4113FF1C1DAD2C4D00715E9E /* Build configuration list for PBXNativeTarget "Tableviews" */;
			buildPhases = (
				4113FF061DAD2C4D00715E9E /* Sources */,
				4113FF071DAD2C4D00715E9E /* Frameworks */,
				4113FF081DAD2C4D00715E9E /* Resources */,
			);
			buildRules = (
			);
			dependencies = (
			);
			name = Tableviews;
			productName = Tableviews;
			productReference = 4113FF0A1DAD2C4D00715E9E /* Tableviews.app */;
			productType = "com.apple.product-type.application";
		};
/* End PBXNativeTarget section */

/* Begin PBXProject section */
		4113FF021DAD2C4D00715E9E /* Project object */ = {
			isa = PBXProject;
			attributes = {
				LastSwiftUpdateCheck = 0810;
				LastUpgradeCheck = 0810;
				ORGANIZATIONNAME = FabledRealm;
				TargetAttributes = {
					4113FF091DAD2C4D00715E9E = {
						CreatedOnToolsVersion = 8.1;
						DevelopmentTeam = 6LUK82795N;
						ProvisioningStyle = Automatic;
					};
				};
			};
			buildConfigurationList = 4113FF051DAD2C4D00715E9E /* Build configuration list for PBXProject "Tableviews" */;
			compatibilityVersion = "Xcode 3.2";
			developmentRegion = English;
			hasScannedForEncodings = 0;
			knownRegions = (
				en,
				Base,
			);
			mainGroup = 4113FF011DAD2C4D00715E9E;
			productRefGroup = 4113FF0B1DAD2C4D00715E9E /* Products */;
			projectDirPath = "";
			projectRoot = "";
			targets = (
				4113FF091DAD2C4D00715E9E /* Tableviews */,
			);
		};
/* End PBXProject section */

/* Begin PBXResourcesBuildPhase section */
		4113FF081DAD2C4D00715E9E /* Resources */ = {
			isa = PBXResourcesBuildPhase;
			buildActionMask = 2147483647;
			files = (
				4113FF181DAD2C4D00715E9E /* LaunchScreen.storyboard in Resources */,
				4113FF151DAD2C4D00715E9E /* Assets.xcassets in Resources */,
				4113FF131DAD2C4D00715E9E /* Main.storyboard in Resources */,
			);
			runOnlyForDeploymentPostprocessing = 0;
		};
/* End PBXResourcesBuildPhase section */

/* Begin PBXSourcesBuildPhase section */
		4113FF061DAD2C4D00715E9E /* Sources */ = {
			isa = PBXSourcesBuildPhase;
			buildActionMask = 2147483647;
			files = (
				4113FF101DAD2C4D00715E9E /* ViewController.swift in Sources */,
				4113FF0E1DAD2C4D00715E9E /* AppDelegate.swift in Sources */,
			);
			runOnlyForDeploymentPostprocessing = 0;
		};
/* End PBXSourcesBuildPhase section */

/* Begin PBXVariantGroup section */
		4113FF111DAD2C4D00715E9E /* Main.storyboard */ = {
			isa = PBXVariantGroup;
			children = (
				4113FF121DAD2C4D00715E9E /* Base */,
			);
			name = Main.storyboard;
			sourceTree = "<group>";
		};
		4113FF161DAD2C4D00715E9E /* LaunchScreen.storyboard */ = {
			isa = PBXVariantGroup;
			children = (
				4113FF171DAD2C4D00715E9E /* Base */,
			);
			name = LaunchScreen.storyboard;
			sourceTree = "<group>";
		};
/* End PBXVariantGroup section */

/* Begin XCBuildConfiguration section */
		4113FF1A1DAD2C4D00715E9E /* Debug */ = {
			isa = XCBuildConfiguration;
			buildSettings = {
				ALWAYS_SEARCH_USER_PATHS = NO;
				CLANG_ANALYZER_NONNULL = YES;
				CLANG_CXX_LANGUAGE_STANDARD = "gnu++0x";
				CLANG_CXX_LIBRARY = "libc++";
				CLANG_ENABLE_MODULES = YES;
				CLANG_ENABLE_OBJC_ARC = YES;
				CLANG_WARN_BOOL_CONVERSION = YES;
				CLANG_WARN_CONSTANT_CONVERSION = YES;
				CLANG_WARN_DIRECT_OBJC_ISA_USAGE = YES_ERROR;
				CLANG_WARN_DOCUMENTATION_COMMENTS = YES;
				CLANG_WARN_EMPTY_BODY = YES;
				CLANG_WARN_ENUM_CONVERSION = YES;
				CLANG_WARN_INFINITE_RECURSION = YES;
				CLANG_WARN_INT_CONVERSION = YES;
				CLANG_WARN_OBJC_ROOT_CLASS = YES_ERROR;
				CLANG_WARN_SUSPICIOUS_MOVES = YES;
				CLANG_WARN_UNREACHABLE_CODE = YES;
				CLANG_WARN__DUPLICATE_METHOD_MATCH = YES;
				"CODE_SIGN_IDENTITY[sdk=iphoneos*]" = "iPhone Developer";
				COPY_PHASE_STRIP = NO;
				DEBUG_INFORMATION_FORMAT = dwarf;
				ENABLE_STRICT_OBJC_MSGSEND = YES;
				ENABLE_TESTABILITY = YES;
				GCC_C_LANGUAGE_STANDARD = gnu99;
				GCC_DYNAMIC_NO_PIC = NO;
				GCC_NO_COMMON_BLOCKS = YES;
				GCC_OPTIMIZATION_LEVEL = 0;
				GCC_PREPROCESSOR_DEFINITIONS = (
					"DEBUG=1",
					"$(inherited)",
				);
				GCC_WARN_64_TO_32_BIT_CONVERSION = YES;
				GCC_WARN_ABOUT_RETURN_TYPE = YES_ERROR;
				GCC_WARN_UNDECLARED_SELECTOR = YES;
				GCC_WARN_UNINITIALIZED_AUTOS = YES_AGGRESSIVE;
				GCC_WARN_UNUSED_FUNCTION = YES;
				GCC_WARN_UNUSED_VARIABLE = YES;
				IPHONEOS_DEPLOYMENT_TARGET = 10.0;
				MTL_ENABLE_DEBUG_INFO = YES;
				ONLY_ACTIVE_ARCH = YES;
				SDKROOT = iphoneos;
				SWIFT_ACTIVE_COMPILATION_CONDITIONS = DEBUG;
				SWIFT_OPTIMIZATION_LEVEL = "-Onone";
			};
			name = Debug;
		};
		4113FF1B1DAD2C4D00715E9E /* Release */ = {
			isa = XCBuildConfiguration;
			buildSettings = {
				ALWAYS_SEARCH_USER_PATHS = NO;
				CLANG_ANALYZER_NONNULL = YES;
				CLANG_CXX_LANGUAGE_STANDARD = "gnu++0x";
				CLANG_CXX_LIBRARY = "libc++";
				CLANG_ENABLE_MODULES = YES;
				CLANG_ENABLE_OBJC_ARC = YES;
				CLANG_WARN_BOOL_CONVERSION = YES;
				CLANG_WARN_CONSTANT_CONVERSION = YES;
				CLANG_WARN_DIRECT_OBJC_ISA_USAGE = YES_ERROR;
				CLANG_WARN_DOCUMENTATION_COMMENTS = YES;
				CLANG_WARN_EMPTY_BODY = YES;
				CLANG_WARN_ENUM_CONVERSION = YES;
				CLANG_WARN_INFINITE_RECURSION = YES;
				CLANG_WARN_INT_CONVERSION = YES;
				CLANG_WARN_OBJC_ROOT_CLASS = YES_ERROR;
				CLANG_WARN_SUSPICIOUS_MOVES = YES;
				CLANG_WARN_UNREACHABLE_CODE = YES;
				CLANG_WARN__DUPLICATE_METHOD_MATCH = YES;
				"CODE_SIGN_IDENTITY[sdk=iphoneos*]" = "iPhone Developer";
				COPY_PHASE_STRIP = NO;
				DEBUG_INFORMATION_FORMAT = "dwarf-with-dsym";
				ENABLE_NS_ASSERTIONS = NO;
				ENABLE_STRICT_OBJC_MSGSEND = YES;
				GCC_C_LANGUAGE_STANDARD = gnu99;
				GCC_NO_COMMON_BLOCKS = YES;
				GCC_WARN_64_TO_32_BIT_CONVERSION = YES;
				GCC_WARN_ABOUT_RETURN_TYPE = YES_ERROR;
				GCC_WARN_UNDECLARED_SELECTOR = YES;
				GCC_WARN_UNINITIALIZED_AUTOS = YES_AGGRESSIVE;
				GCC_WARN_UNUSED_FUNCTION = YES;
				GCC_WARN_UNUSED_VARIABLE = YES;
				IPHONEOS_DEPLOYMENT_TARGET = 10.0;
				MTL_ENABLE_DEBUG_INFO = NO;
				SDKROOT = iphoneos;
				SWIFT_OPTIMIZATION_LEVEL = "-Owholemodule";
				VALIDATE_PRODUCT = YES;
			};
			name = Release;
		};
		4113FF1D1DAD2C4D00715E9E /* Debug */ = {
			isa = XCBuildConfiguration;
			buildSettings = {
				ASSETCATALOG_COMPILER_APPICON_NAME = AppIcon;
				DEVELOPMENT_TEAM = 6LUK82795N;
				INFOPLIST_FILE = Tableviews/Info.plist;
				LD_RUNPATH_SEARCH_PATHS = "$(inherited) @executable_path/Frameworks";
				PRODUCT_BUNDLE_IDENTIFIER = com.ehein.Tableviews;
				PRODUCT_NAME = "$(TARGET_NAME)";
				SWIFT_VERSION = 3.0;
			};
			name = Debug;
		};
		4113FF1E1DAD2C4D00715E9E /* Release */ = {
			isa = XCBuildConfiguration;
			buildSettings = {
				ASSETCATALOG_COMPILER_APPICON_NAME = AppIcon;
				DEVELOPMENT_TEAM = 6LUK82795N;
				INFOPLIST_FILE = Tableviews/Info.plist;
				LD_RUNPATH_SEARCH_PATHS = "$(inherited) @executable_path/Frameworks";
				PRODUCT_BUNDLE_IDENTIFIER = com.ehein.Tableviews;
				PRODUCT_NAME = "$(TARGET_NAME)";
				SWIFT_VERSION = 3.0;
			};
			name = Release;
		};
/* End XCBuildConfiguration section */

/* Begin XCConfigurationList section */
		4113FF051DAD2C4D00715E9E /* Build configuration list for PBXProject "Tableviews" */ = {
			isa = XCConfigurationList;
			buildConfigurations = (
				4113FF1A1DAD2C4D00715E9E /* Debug */,
				4113FF1B1DAD2C4D00715E9E /* Release */,
			);
			defaultConfigurationIsVisible = 0;
			defaultConfigurationName = Release;
		};
		4113FF1C1DAD2C4D00715E9E /* Build configuration list for PBXNativeTarget "Tableviews" */ = {
			isa = XCConfigurationList;
			buildConfigurations = (
				4113FF1D1DAD2C4D00715E9E /* Debug */,
				4113FF1E1DAD2C4D00715E9E /* Release */,
			);
			defaultConfigurationIsVisible = 0;
		};
/* End XCConfigurationList section */
	};
	rootObject = 4113FF021DAD2C4D00715E9E /* Project object */;
}
