// !$*UTF8*$!
{
	archiveVersion = 1;
	classes = {
	};
	objectVersion = 46;
	objects = {

/* Begin PBXBuildFile section */
		41A786561DBE1E0B007D53EF /* AppDelegate.swift in Sources */ = {isa = PBXBuildFile; fileRef = 41A786551DBE1E0B007D53EF /* AppDelegate.swift */; };
		41A786581DBE1E0B007D53EF /* ViewController.swift in Sources */ = {isa = PBXBuildFile; fileRef = 41A786571DBE1E0B007D53EF /* ViewController.swift */; };
		41A7865B1DBE1E0B007D53EF /* Main.storyboard in Resources */ = {isa = PBXBuildFile; fileRef = 41A786591DBE1E0B007D53EF /* Main.storyboard */; };
		41A7865E1DBE1E0B007D53EF /* CoreDataDemo.xcdatamodeld in Sources */ = {isa = PBXBuildFile; fileRef = 41A7865C1DBE1E0B007D53EF /* CoreDataDemo.xcdatamodeld */; };
		41A786601DBE1E0B007D53EF /* Assets.xcassets in Resources */ = {isa = PBXBuildFile; fileRef = 41A7865F1DBE1E0B007D53EF /* Assets.xcassets */; };
		41A786631DBE1E0B007D53EF /* LaunchScreen.storyboard in Resources */ = {isa = PBXBuildFile; fileRef = 41A786611DBE1E0B007D53EF /* LaunchScreen.storyboard */; };
/* End PBXBuildFile section */

/* Begin PBXFileReference section */
		41A786521DBE1E0B007D53EF /* CoreDataDemo.app */ = {isa = PBXFileReference; explicitFileType = wrapper.application; includeInIndex = 0; path = CoreDataDemo.app; sourceTree = BUILT_PRODUCTS_DIR; };
		41A786551DBE1E0B007D53EF /* AppDelegate.swift */ = {isa = PBXFileReference; lastKnownFileType = sourcecode.swift; path = AppDelegate.swift; sourceTree = "<group>"; };
		41A786571DBE1E0B007D53EF /* ViewController.swift */ = {isa = PBXFileReference; lastKnownFileType = sourcecode.swift; path = ViewController.swift; sourceTree = "<group>"; };
		41A7865A1DBE1E0B007D53EF /* Base */ = {isa = PBXFileReference; lastKnownFileType = file.storyboard; name = Base; path = Base.lproj/Main.storyboard; sourceTree = "<group>"; };
		41A7865D1DBE1E0B007D53EF /* CoreDataDemo.xcdatamodel */ = {isa = PBXFileReference; lastKnownFileType = wrapper.xcdatamodel; path = CoreDataDemo.xcdatamodel; sourceTree = "<group>"; };
		41A7865F1DBE1E0B007D53EF /* Assets.xcassets */ = {isa = PBXFileReference; lastKnownFileType = folder.assetcatalog; path = Assets.xcassets; sourceTree = "<group>"; };
		41A786621DBE1E0B007D53EF /* Base */ = {isa = PBXFileReference; lastKnownFileType = file.storyboard; name = Base; path = Base.lproj/LaunchScreen.storyboard; sourceTree = "<group>"; };
		41A786641DBE1E0B007D53EF /* Info.plist */ = {isa = PBXFileReference; lastKnownFileType = text.plist.xml; path = Info.plist; sourceTree = "<group>"; };
/* End PBXFileReference section */

/* Begin PBXFrameworksBuildPhase section */
		41A7864F1DBE1E0B007D53EF /* Frameworks */ = {
			isa = PBXFrameworksBuildPhase;
			buildActionMask = 2147483647;
			files = (
			);
			runOnlyForDeploymentPostprocessing = 0;
		};
/* End PBXFrameworksBuildPhase section */

/* Begin PBXGroup section */
		41A786491DBE1E0B007D53EF = {
			isa = PBXGroup;
			children = (
				41A786541DBE1E0B007D53EF /* CoreDataDemo */,
				41A786531DBE1E0B007D53EF /* Products */,
			);
			sourceTree = "<group>";
		};
		41A786531DBE1E0B007D53EF /* Products */ = {
			isa = PBXGroup;
			children = (
				41A786521DBE1E0B007D53EF /* CoreDataDemo.app */,
			);
			name = Products;
			sourceTree = "<group>";
		};
		41A786541DBE1E0B007D53EF /* CoreDataDemo */ = {
			isa = PBXGroup;
			children = (
				41A786551DBE1E0B007D53EF /* AppDelegate.swift */,
				41A786571DBE1E0B007D53EF /* ViewController.swift */,
				41A786591DBE1E0B007D53EF /* Main.storyboard */,
				41A7865F1DBE1E0B007D53EF /* Assets.xcassets */,
				41A786611DBE1E0B007D53EF /* LaunchScreen.storyboard */,
				41A786641DBE1E0B007D53EF /* Info.plist */,
				41A7865C1DBE1E0B007D53EF /* CoreDataDemo.xcdatamodeld */,
			);
			path = CoreDataDemo;
			sourceTree = "<group>";
		};
/* End PBXGroup section */

/* Begin PBXNativeTarget section */
		41A786511DBE1E0B007D53EF /* CoreDataDemo */ = {
			isa = PBXNativeTarget;
			buildConfigurationList = 41A786671DBE1E0B007D53EF /* Build configuration list for PBXNativeTarget "CoreDataDemo" */;
			buildPhases = (
				41A7864E1DBE1E0B007D53EF /* Sources */,
				41A7864F1DBE1E0B007D53EF /* Frameworks */,
				41A786501DBE1E0B007D53EF /* Resources */,
			);
			buildRules = (
			);
			dependencies = (
			);
			name = CoreDataDemo;
			productName = CoreDataDemo;
			productReference = 41A786521DBE1E0B007D53EF /* CoreDataDemo.app */;
			productType = "com.apple.product-type.application";
		};
/* End PBXNativeTarget section */

/* Begin PBXProject section */
		41A7864A1DBE1E0B007D53EF /* Project object */ = {
			isa = PBXProject;
			attributes = {
				LastSwiftUpdateCheck = 0810;
				LastUpgradeCheck = 0810;
				ORGANIZATIONNAME = FabledRealm;
				TargetAttributes = {
					41A786511DBE1E0B007D53EF = {
						CreatedOnToolsVersion = 8.1;
						DevelopmentTeam = 6LUK82795N;
						ProvisioningStyle = Automatic;
					};
				};
			};
			buildConfigurationList = 41A7864D1DBE1E0B007D53EF /* Build configuration list for PBXProject "CoreDataDemo" */;
			compatibilityVersion = "Xcode 3.2";
			developmentRegion = English;
			hasScannedForEncodings = 0;
			knownRegions = (
				en,
				Base,
			);
			mainGroup = 41A786491DBE1E0B007D53EF;
			productRefGroup = 41A786531DBE1E0B007D53EF /* Products */;
			projectDirPath = "";
			projectRoot = "";
			targets = (
				41A786511DBE1E0B007D53EF /* CoreDataDemo */,
			);
		};
/* End PBXProject section */

/* Begin PBXResourcesBuildPhase section */
		41A786501DBE1E0B007D53EF /* Resources */ = {
			isa = PBXResourcesBuildPhase;
			buildActionMask = 2147483647;
			files = (
				41A786631DBE1E0B007D53EF /* LaunchScreen.storyboard in Resources */,
				41A786601DBE1E0B007D53EF /* Assets.xcassets in Resources */,
				41A7865B1DBE1E0B007D53EF /* Main.storyboard in Resources */,
			);
			runOnlyForDeploymentPostprocessing = 0;
		};
/* End PBXResourcesBuildPhase section */

/* Begin PBXSourcesBuildPhase section */
		41A7864E1DBE1E0B007D53EF /* Sources */ = {
			isa = PBXSourcesBuildPhase;
			buildActionMask = 2147483647;
			files = (
				41A786581DBE1E0B007D53EF /* ViewController.swift in Sources */,
				41A7865E1DBE1E0B007D53EF /* CoreDataDemo.xcdatamodeld in Sources */,
				41A786561DBE1E0B007D53EF /* AppDelegate.swift in Sources */,
			);
			runOnlyForDeploymentPostprocessing = 0;
		};
/* End PBXSourcesBuildPhase section */

/* Begin PBXVariantGroup section */
		41A786591DBE1E0B007D53EF /* Main.storyboard */ = {
			isa = PBXVariantGroup;
			children = (
				41A7865A1DBE1E0B007D53EF /* Base */,
			);
			name = Main.storyboard;
			sourceTree = "<group>";
		};
		41A786611DBE1E0B007D53EF /* LaunchScreen.storyboard */ = {
			isa = PBXVariantGroup;
			children = (
				41A786621DBE1E0B007D53EF /* Base */,
			);
			name = LaunchScreen.storyboard;
			sourceTree = "<group>";
		};
/* End PBXVariantGroup section */

/* Begin XCBuildConfiguration section */
		41A786651DBE1E0B007D53EF /* Debug */ = {
			isa = XCBuildConfiguration;
			buildSettings = {
				ALWAYS_SEARCH_USER_PATHS = NO;
				CLANG_ANALYZER_NONNULL = YES;
				CLANG_CXX_LANGUAGE_STANDARD = "gnu++0x";
				CLANG_CXX_LIBRARY = "libc++";
				CLANG_ENABLE_MODULES = YES;
				CLANG_ENABLE_OBJC_ARC = YES;
				CLANG_WARN_BOOL_CONVERSION = YES;
				CLANG_WARN_CONSTANT_CONVERSION = YES;
				CLANG_WARN_DIRECT_OBJC_ISA_USAGE = YES_ERROR;
				CLANG_WARN_DOCUMENTATION_COMMENTS = YES;
				CLANG_WARN_EMPTY_BODY = YES;
				CLANG_WARN_ENUM_CONVERSION = YES;
				CLANG_WARN_INFINITE_RECURSION = YES;
				CLANG_WARN_INT_CONVERSION = YES;
				CLANG_WARN_OBJC_ROOT_CLASS = YES_ERROR;
				CLANG_WARN_SUSPICIOUS_MOVES = YES;
				CLANG_WARN_UNREACHABLE_CODE = YES;
				CLANG_WARN__DUPLICATE_METHOD_MATCH = YES;
				"CODE_SIGN_IDENTITY[sdk=iphoneos*]" = "iPhone Developer";
				COPY_PHASE_STRIP = NO;
				DEBUG_INFORMATION_FORMAT = dwarf;
				ENABLE_STRICT_OBJC_MSGSEND = YES;
				ENABLE_TESTABILITY = YES;
				GCC_C_LANGUAGE_STANDARD = gnu99;
				GCC_DYNAMIC_NO_PIC = NO;
				GCC_NO_COMMON_BLOCKS = YES;
				GCC_OPTIMIZATION_LEVEL = 0;
				GCC_PREPROCESSOR_DEFINITIONS = (
					"DEBUG=1",
					"$(inherited)",
				);
				GCC_WARN_64_TO_32_BIT_CONVERSION = YES;
				GCC_WARN_ABOUT_RETURN_TYPE = YES_ERROR;
				GCC_WARN_UNDECLARED_SELECTOR = YES;
				GCC_WARN_UNINITIALIZED_AUTOS = YES_AGGRESSIVE;
				GCC_WARN_UNUSED_FUNCTION = YES;
				GCC_WARN_UNUSED_VARIABLE = YES;
				IPHONEOS_DEPLOYMENT_TARGET = 10.0;
				MTL_ENABLE_DEBUG_INFO = YES;
				ONLY_ACTIVE_ARCH = YES;
				SDKROOT = iphoneos;
				SWIFT_ACTIVE_COMPILATION_CONDITIONS = DEBUG;
				SWIFT_OPTIMIZATION_LEVEL = "-Onone";
			};
			name = Debug;
		};
		41A786661DBE1E0B007D53EF /* Release */ = {
			isa = XCBuildConfiguration;
			buildSettings = {
				ALWAYS_SEARCH_USER_PATHS = NO;
				CLANG_ANALYZER_NONNULL = YES;
				CLANG_CXX_LANGUAGE_STANDARD = "gnu++0x";
				CLANG_CXX_LIBRARY = "libc++";
				CLANG_ENABLE_MODULES = YES;
				CLANG_ENABLE_OBJC_ARC = YES;
				CLANG_WARN_BOOL_CONVERSION = YES;
				CLANG_WARN_CONSTANT_CONVERSION = YES;
				CLANG_WARN_DIRECT_OBJC_ISA_USAGE = YES_ERROR;
				CLANG_WARN_DOCUMENTATION_COMMENTS = YES;
				CLANG_WARN_EMPTY_BODY = YES;
				CLANG_WARN_ENUM_CONVERSION = YES;
				CLANG_WARN_INFINITE_RECURSION = YES;
				CLANG_WARN_INT_CONVERSION = YES;
				CLANG_WARN_OBJC_ROOT_CLASS = YES_ERROR;
				CLANG_WARN_SUSPICIOUS_MOVES = YES;
				CLANG_WARN_UNREACHABLE_CODE = YES;
				CLANG_WARN__DUPLICATE_METHOD_MATCH = YES;
				"CODE_SIGN_IDENTITY[sdk=iphoneos*]" = "iPhone Developer";
				COPY_PHASE_STRIP = NO;
				DEBUG_INFORMATION_FORMAT = "dwarf-with-dsym";
				ENABLE_NS_ASSERTIONS = NO;
				ENABLE_STRICT_OBJC_MSGSEND = YES;
				GCC_C_LANGUAGE_STANDARD = gnu99;
				GCC_NO_COMMON_BLOCKS = YES;
				GCC_WARN_64_TO_32_BIT_CONVERSION = YES;
				GCC_WARN_ABOUT_RETURN_TYPE = YES_ERROR;
				GCC_WARN_UNDECLARED_SELECTOR = YES;
				GCC_WARN_UNINITIALIZED_AUTOS = YES_AGGRESSIVE;
				GCC_WARN_UNUSED_FUNCTION = YES;
				GCC_WARN_UNUSED_VARIABLE = YES;
				IPHONEOS_DEPLOYMENT_TARGET = 10.0;
				MTL_ENABLE_DEBUG_INFO = NO;
				SDKROOT = iphoneos;
				SWIFT_OPTIMIZATION_LEVEL = "-Owholemodule";
				VALIDATE_PRODUCT = YES;
			};
			name = Release;
		};
		41A786681DBE1E0B007D53EF /* Debug */ = {
			isa = XCBuildConfiguration;
			buildSettings = {
				ASSETCATALOG_COMPILER_APPICON_NAME = AppIcon;
				DEVELOPMENT_TEAM = 6LUK82795N;
				INFOPLIST_FILE = CoreDataDemo/Info.plist;
				LD_RUNPATH_SEARCH_PATHS = "$(inherited) @executable_path/Frameworks";
				PRODUCT_BUNDLE_IDENTIFIER = com.ehein.CoreDataDemo;
				PRODUCT_NAME = "$(TARGET_NAME)";
				SWIFT_VERSION = 3.0;
			};
			name = Debug;
		};
		41A786691DBE1E0B007D53EF /* Release */ = {
			isa = XCBuildConfiguration;
			buildSettings = {
				ASSETCATALOG_COMPILER_APPICON_NAME = AppIcon;
				DEVELOPMENT_TEAM = 6LUK82795N;
				INFOPLIST_FILE = CoreDataDemo/Info.plist;
				LD_RUNPATH_SEARCH_PATHS = "$(inherited) @executable_path/Frameworks";
				PRODUCT_BUNDLE_IDENTIFIER = com.ehein.CoreDataDemo;
				PRODUCT_NAME = "$(TARGET_NAME)";
				SWIFT_VERSION = 3.0;
			};
			name = Release;
		};
/* End XCBuildConfiguration section */

/* Begin XCConfigurationList section */
		41A7864D1DBE1E0B007D53EF /* Build configuration list for PBXProject "CoreDataDemo" */ = {
			isa = XCConfigurationList;
			buildConfigurations = (
				41A786651DBE1E0B007D53EF /* Debug */,
				41A786661DBE1E0B007D53EF /* Release */,
			);
			defaultConfigurationIsVisible = 0;
			defaultConfigurationName = Release;
		};
		41A786671DBE1E0B007D53EF /* Build configuration list for PBXNativeTarget "CoreDataDemo" */ = {
			isa = XCConfigurationList;
			buildConfigurations = (
				41A786681DBE1E0B007D53EF /* Debug */,
				41A786691DBE1E0B007D53EF /* Release */,
			);
			defaultConfigurationIsVisible = 0;
		};
/* End XCConfigurationList section */

/* Begin XCVersionGroup section */
		41A7865C1DBE1E0B007D53EF /* CoreDataDemo.xcdatamodeld */ = {
			isa = XCVersionGroup;
			children = (
				41A7865D1DBE1E0B007D53EF /* CoreDataDemo.xcdatamodel */,
			);
			currentVersion = 41A7865D1DBE1E0B007D53EF /* CoreDataDemo.xcdatamodel */;
			path = CoreDataDemo.xcdatamodeld;
			sourceTree = "<group>";
			versionGroupType = wrapper.xcdatamodel;
		};
/* End XCVersionGroup section */
	};
	rootObject = 41A7864A1DBE1E0B007D53EF /* Project object */;
}
